
Microsoft Visual Studio Solution File, Format Version 12.00
# Visual Studio 14
VisualStudioVersion = 14.0.25123.0
MinimumVisualStudioVersion = 10.0.40219.1
Project("{FAE04EC0-301F-11D3-BF4B-00C04F79EFBC}") = "DateManagement", "DateManagement\DateManagement.csproj", "{9A079D26-4D10-47B2-B4E3-00753254B8A6}"
EndProject
Project("{FAE04EC0-301F-11D3-BF4B-00C04F79EFBC}") = "DateManagementTests", "DateManagementTests\DateManagementTests.csproj", "{5191FBDF-3373-4C75-B425-F6568CB17795}"
EndProject
Global
	GlobalSection(SolutionConfigurationPlatforms) = preSolution
		Debug|Any CPU = Debug|Any CPU
		Release|Any CPU = Release|Any CPU
	EndGlobalSection
	GlobalSection(ProjectConfigurationPlatforms) = postSolution
		{9A079D26-4D10-47B2-B4E3-00753254B8A6}.Debug|Any CPU.ActiveCfg = Debug|Any CPU
		{9A079D26-4D10-47B2-B4E3-00753254B8A6}.Debug|Any CPU.Build.0 = Debug|Any CPU
		{9A079D26-4D10-47B2-B4E3-00753254B8A6}.Release|Any CPU.ActiveCfg = Release|Any CPU
		{9A079D26-4D10-47B2-B4E3-00753254B8A6}.Release|Any CPU.Build.0 = Release|Any CPU
		{5191FBDF-3373-4C75-B425-F6568CB17795}.Debug|Any CPU.ActiveCfg = Debug|Any CPU
		{5191FBDF-3373-4C75-B425-F6568CB17795}.Debug|Any CPU.Build.0 = Debug|Any CPU
		{5191FBDF-3373-4C75-B425-F6568CB17795}.Release|Any CPU.ActiveCfg = Release|Any CPU
		{5191FBDF-3373-4C75-B425-F6568CB17795}.Release|Any CPU.Build.0 = Release|Any CPU
	EndGlobalSection
	GlobalSection(SolutionProperties) = preSolution
		HideSolutionNode = FALSE
	EndGlobalSection
	GlobalSection(TeamFoundationVersionControl) = preSolution
		SccNumberOfProjects = 3
		SccEnterpriseProvider = {4CA58AB2-18FA-4F8D-95D4-32DDF27D184C}
		SccTeamFoundationServer = http://msdftfs02:8080/tfs/defaultcollection
		SccLocalPath0 = .
		SccProjectUniqueName1 = DateManagement\\DateManagement.csproj
		SccProjectName1 = DateManagement
		SccLocalPath1 = DateManagement
		SccProjectUniqueName2 = DateManagementTests\\DateManagementTests.csproj
		SccProjectName2 = DateManagementTests
		SccLocalPath2 = DateManagementTests
	EndGlobalSection
EndGlobal
