
Microsoft Visual Studio Solution File, Format Version 12.00
# Visual Studio Version 16
VisualStudioVersion = 16.0.29001.49
MinimumVisualStudioVersion = 10.0.40219.1
Project("{9A19103F-16F7-4668-BE54-9A1E7A4F7556}") = "WorkingDaysManagement", "DateManagement\WorkingDaysManagement.csproj", "{9A079D26-4D10-47B2-B4E3-00753254B8A6}"
EndProject
Project("{FAE04EC0-301F-11D3-BF4B-00C04F79EFBC}") = "WorkingDaysManagementTests", "WorkingDaysManagementTest\WorkingDaysManagementTests.csproj", "{6CBF3606-097C-41CC-BC0B-3BEF071D0E08}"
EndProject
Global
	GlobalSection(SolutionConfigurationPlatforms) = preSolution
		Debug|Any CPU = Debug|Any CPU
		Release|Any CPU = Release|Any CPU
	EndGlobalSection
	GlobalSection(ProjectConfigurationPlatforms) = postSolution
		{9A079D26-4D10-47B2-B4E3-00753254B8A6}.Debug|Any CPU.ActiveCfg = Debug|Any CPU
		{9A079D26-4D10-47B2-B4E3-00753254B8A6}.Debug|Any CPU.Build.0 = Debug|Any CPU
		{9A079D26-4D10-47B2-B4E3-00753254B8A6}.Release|Any CPU.ActiveCfg = Release|Any CPU
		{9A079D26-4D10-47B2-B4E3-00753254B8A6}.Release|Any CPU.Build.0 = Release|Any CPU
		{6CBF3606-097C-41CC-BC0B-3BEF071D0E08}.Debug|Any CPU.ActiveCfg = Debug|Any CPU
		{6CBF3606-097C-41CC-BC0B-3BEF071D0E08}.Debug|Any CPU.Build.0 = Debug|Any CPU
		{6CBF3606-097C-41CC-BC0B-3BEF071D0E08}.Release|Any CPU.ActiveCfg = Release|Any CPU
		{6CBF3606-097C-41CC-BC0B-3BEF071D0E08}.Release|Any CPU.Build.0 = Release|Any CPU
	EndGlobalSection
	GlobalSection(SolutionProperties) = preSolution
		HideSolutionNode = FALSE
	EndGlobalSection
	GlobalSection(ExtensibilityGlobals) = postSolution
		SolutionGuid = {9E1C8EC6-BCE7-4010-93FF-28B681AF5ECD}
	EndGlobalSection
EndGlobal
